
Microsoft Visual Studio Solution File, Format Version 12.00
# Visual Studio 15
Project("{FAE04EC0-301F-11D3-BF4B-00C04F79EFBC}") = "Assembly-CSharp", "Assembly-CSharp.csproj", "{0B42BDE4-5A75-F622-1334-1DBB3A0CBB41}"
EndProject
Project("{FAE04EC0-301F-11D3-BF4B-00C04F79EFBC}") = "Assembly-CSharp-Editor", "Assembly-CSharp-Editor.csproj", "{1E29FF99-86D3-63CD-FE74-919B2EF93D60}"
EndProject
Global
	GlobalSection(SolutionConfigurationPlatforms) = preSolution
		Debug|Any CPU = Debug|Any CPU
		Release|Any CPU = Release|Any CPU
	EndGlobalSection
	GlobalSection(ProjectConfigurationPlatforms) = postSolution
		{0B42BDE4-5A75-F622-1334-1DBB3A0CBB41}.Debug|Any CPU.ActiveCfg = Debug|Any CPU
		{0B42BDE4-5A75-F622-1334-1DBB3A0CBB41}.Debug|Any CPU.Build.0 = Debug|Any CPU
		{0B42BDE4-5A75-F622-1334-1DBB3A0CBB41}.Release|Any CPU.ActiveCfg = Release|Any CPU
		{0B42BDE4-5A75-F622-1334-1DBB3A0CBB41}.Release|Any CPU.Build.0 = Release|Any CPU
		{1E29FF99-86D3-63CD-FE74-919B2EF93D60}.Debug|Any CPU.ActiveCfg = Debug|Any CPU
		{1E29FF99-86D3-63CD-FE74-919B2EF93D60}.Debug|Any CPU.Build.0 = Debug|Any CPU
		{1E29FF99-86D3-63CD-FE74-919B2EF93D60}.Release|Any CPU.ActiveCfg = Release|Any CPU
		{1E29FF99-86D3-63CD-FE74-919B2EF93D60}.Release|Any CPU.Build.0 = Release|Any CPU
	EndGlobalSection
	GlobalSection(SolutionProperties) = preSolution
		HideSolutionNode = FALSE
	EndGlobalSection
EndGlobal
